
Microsoft Visual Studio Solution File, Format Version 12.00
# Visual Studio Version 17
VisualStudioVersion = 17.14.36202.13 d17.14
MinimumVisualStudioVersion = 10.0.40219.1
Project("{FAE04EC0-301F-11D3-BF4B-00C04F79EFBC}") = "ECSExperiment", "ECSExperiment\ECSExperiment.csproj", "{47B00787-64A4-451C-9C17-5CF1692C2AA8}"
EndProject
Global
	GlobalSection(SolutionConfigurationPlatforms) = preSolution
		Debug|Any CPU = Debug|Any CPU
		Release|Any CPU = Release|Any CPU
	EndGlobalSection
	GlobalSection(ProjectConfigurationPlatforms) = postSolution
		{47B00787-64A4-451C-9C17-5CF1692C2AA8}.Debug|Any CPU.ActiveCfg = Debug|Any CPU
		{47B00787-64A4-451C-9C17-5CF1692C2AA8}.Debug|Any CPU.Build.0 = Debug|Any CPU
		{47B00787-64A4-451C-9C17-5CF1692C2AA8}.Release|Any CPU.ActiveCfg = Release|Any CPU
		{47B00787-64A4-451C-9C17-5CF1692C2AA8}.Release|Any CPU.Build.0 = Release|Any CPU
	EndGlobalSection
	GlobalSection(SolutionProperties) = preSolution
		HideSolutionNode = FALSE
	EndGlobalSection
	GlobalSection(ExtensibilityGlobals) = postSolution
		SolutionGuid = {0EAF6B08-7BF9-4C4E-9444-4E31D9941FBE}
	EndGlobalSection
EndGlobal
